
Microsoft Visual Studio Solution File, Format Version 12.00
Project("{FAE04EC0-301F-11D3-BF4B-00C04F79EFBC}") = "nancy2", "nancy2\nancy2.csproj", "{53D21D36-5F18-41B8-8D7F-3D5AD5DC3691}"
EndProject
Global
	GlobalSection(SolutionConfigurationPlatforms) = preSolution
		Debug|Any CPU = Debug|Any CPU
		Release|Any CPU = Release|Any CPU
	EndGlobalSection
	GlobalSection(ProjectConfigurationPlatforms) = postSolution
		{53D21D36-5F18-41B8-8D7F-3D5AD5DC3691}.Debug|Any CPU.ActiveCfg = Debug|Any CPU
		{53D21D36-5F18-41B8-8D7F-3D5AD5DC3691}.Debug|Any CPU.Build.0 = Debug|Any CPU
		{53D21D36-5F18-41B8-8D7F-3D5AD5DC3691}.Release|Any CPU.ActiveCfg = Release|Any CPU
		{53D21D36-5F18-41B8-8D7F-3D5AD5DC3691}.Release|Any CPU.Build.0 = Release|Any CPU
	EndGlobalSection
EndGlobal
